
Microsoft Visual Studio Solution File, Format Version 12.00
# Visual Studio 2012
Project("{FAE04EC0-301F-11D3-BF4B-00C04F79EFBC}") = "Mp3net", "Mp3net\Mp3net.csproj", "{C8B6CC12-30B1-4D57-B48E-7597C12D6F6B}"
EndProject
Project("{FAE04EC0-301F-11D3-BF4B-00C04F79EFBC}") = "Mp3net.Tests", "Mp3net.Tests\Mp3net.Tests.csproj", "{3C167CD9-77D5-4622-B3A6-C6B0B5CB5845}"
EndProject
Project("{2150E333-8FDC-42A3-9474-1A3956D46DE8}") = ".nuget", ".nuget", "{18D426E2-84F4-403B-BB39-7D605DA1482E}"
	ProjectSection(SolutionItems) = preProject
		.nuget\packages.config = .nuget\packages.config
	EndProjectSection
EndProject
Global
	GlobalSection(SolutionConfigurationPlatforms) = preSolution
		Debug|Any CPU = Debug|Any CPU
		Release|Any CPU = Release|Any CPU
	EndGlobalSection
	GlobalSection(ProjectConfigurationPlatforms) = postSolution
		{C8B6CC12-30B1-4D57-B48E-7597C12D6F6B}.Debug|Any CPU.ActiveCfg = Debug|Any CPU
		{C8B6CC12-30B1-4D57-B48E-7597C12D6F6B}.Debug|Any CPU.Build.0 = Debug|Any CPU
		{C8B6CC12-30B1-4D57-B48E-7597C12D6F6B}.Release|Any CPU.ActiveCfg = Release|Any CPU
		{C8B6CC12-30B1-4D57-B48E-7597C12D6F6B}.Release|Any CPU.Build.0 = Release|Any CPU
		{3C167CD9-77D5-4622-B3A6-C6B0B5CB5845}.Debug|Any CPU.ActiveCfg = Debug|Any CPU
		{3C167CD9-77D5-4622-B3A6-C6B0B5CB5845}.Debug|Any CPU.Build.0 = Debug|Any CPU
		{3C167CD9-77D5-4622-B3A6-C6B0B5CB5845}.Release|Any CPU.ActiveCfg = Release|Any CPU
		{3C167CD9-77D5-4622-B3A6-C6B0B5CB5845}.Release|Any CPU.Build.0 = Release|Any CPU
	EndGlobalSection
	GlobalSection(SolutionProperties) = preSolution
		HideSolutionNode = FALSE
	EndGlobalSection
EndGlobal
